
Microsoft Visual Studio Solution File, Format Version 12.00
# Visual Studio Version 17
VisualStudioVersion = 17.2.32519.379
MinimumVisualStudioVersion = 10.0.40219.1
Project("{8BC9CEB8-8B4A-11D0-8D11-00A0C91BC942}") = "PXCore", "PXCore\PixelEngine.vcxproj", "{7D35154A-9B4E-4C71-8FE8-37A7D467A355}"
EndProject
Project("{8BC9CEB8-8B4A-11D0-8D11-00A0C91BC942}") = "TestingFramework", "TestingFramework\TestingFramework.vcxproj", "{E31031D8-7993-4D8C-9C3C-5C889AF54E73}"
EndProject
Project("{2150E333-8FDC-42A3-9474-1A3956D46DE8}") = "Tests", "Tests", "{2D40FCAC-1BFD-4098-B474-66198B4F1346}"
EndProject
Project("{2150E333-8FDC-42A3-9474-1A3956D46DE8}") = "Libs", "Libs", "{469FAE0C-BB90-4A8E-AA3F-9F519A4477AC}"
EndProject
Project("{8BC9CEB8-8B4A-11D0-8D11-00A0C91BC942}") = "PXUtilities", "PXUtilities\Utilities.vcxproj", "{65B956AD-0588-4B53-837A-BF4DB85F2E61}"
EndProject
Project("{8BC9CEB8-8B4A-11D0-8D11-00A0C91BC942}") = "PXSettings", "PXSettings\Settings.vcxproj", "{98CEB288-7710-4D3F-8E83-2A4AB5694AF6}"
EndProject
Project("{8BC9CEB8-8B4A-11D0-8D11-00A0C91BC942}") = "PXFactory", "PXFactory\PXFactory.vcxproj", "{863CEE10-1256-4EDD-8211-72317CDC7CDA}"
EndProject
Project("{8BC9CEB8-8B4A-11D0-8D11-00A0C91BC942}") = "PXSerialziation", "PXSerialziation\PXSerialziation.vcxproj", "{BC7C08A7-29F9-418A-AE41-E4CB75B08A42}"
EndProject
Project("{8BC9CEB8-8B4A-11D0-8D11-00A0C91BC942}") = "PXUnitTests", "PXUnitTests\PXUnitTests.vcxproj", "{324EDDD7-BC4E-4E25-9375-037911E006E4}"
EndProject
Project("{8BC9CEB8-8B4A-11D0-8D11-00A0C91BC942}") = "PXArgumentParser", "PXArgumentParser\PXArgumentParser.vcxproj", "{0DD47954-4303-4705-9B37-94B1211C8D85}"
EndProject
Project("{8BC9CEB8-8B4A-11D0-8D11-00A0C91BC942}") = "PXStopwatch", "PXStopwatch\PXStopwatch.vcxproj", "{67006966-8545-4FA6-BECB-197CECA222AF}"
EndProject
Project("{8BC9CEB8-8B4A-11D0-8D11-00A0C91BC942}") = "PXLogger", "PXLogger\PXLogger.vcxproj", "{6A7D031B-F8D6-4F3C-A614-8360B30CF757}"
EndProject
Global
	GlobalSection(SolutionConfigurationPlatforms) = preSolution
		Debug|x64 = Debug|x64
		Debug|x86 = Debug|x86
		Release|x64 = Release|x64
		Release|x86 = Release|x86
	EndGlobalSection
	GlobalSection(ProjectConfigurationPlatforms) = postSolution
		{7D35154A-9B4E-4C71-8FE8-37A7D467A355}.Debug|x64.ActiveCfg = Debug|x64
		{7D35154A-9B4E-4C71-8FE8-37A7D467A355}.Debug|x64.Build.0 = Debug|x64
		{7D35154A-9B4E-4C71-8FE8-37A7D467A355}.Debug|x86.ActiveCfg = Debug|Win32
		{7D35154A-9B4E-4C71-8FE8-37A7D467A355}.Debug|x86.Build.0 = Debug|Win32
		{7D35154A-9B4E-4C71-8FE8-37A7D467A355}.Release|x64.ActiveCfg = Release|x64
		{7D35154A-9B4E-4C71-8FE8-37A7D467A355}.Release|x64.Build.0 = Release|x64
		{7D35154A-9B4E-4C71-8FE8-37A7D467A355}.Release|x86.ActiveCfg = Release|Win32
		{7D35154A-9B4E-4C71-8FE8-37A7D467A355}.Release|x86.Build.0 = Release|Win32
		{E31031D8-7993-4D8C-9C3C-5C889AF54E73}.Debug|x64.ActiveCfg = Debug|x64
		{E31031D8-7993-4D8C-9C3C-5C889AF54E73}.Debug|x64.Build.0 = Debug|x64
		{E31031D8-7993-4D8C-9C3C-5C889AF54E73}.Debug|x86.ActiveCfg = Debug|Win32
		{E31031D8-7993-4D8C-9C3C-5C889AF54E73}.Debug|x86.Build.0 = Debug|Win32
		{E31031D8-7993-4D8C-9C3C-5C889AF54E73}.Release|x64.ActiveCfg = Release|x64
		{E31031D8-7993-4D8C-9C3C-5C889AF54E73}.Release|x64.Build.0 = Release|x64
		{E31031D8-7993-4D8C-9C3C-5C889AF54E73}.Release|x86.ActiveCfg = Release|Win32
		{E31031D8-7993-4D8C-9C3C-5C889AF54E73}.Release|x86.Build.0 = Release|Win32
		{65B956AD-0588-4B53-837A-BF4DB85F2E61}.Debug|x64.ActiveCfg = Debug|x64
		{65B956AD-0588-4B53-837A-BF4DB85F2E61}.Debug|x64.Build.0 = Debug|x64
		{65B956AD-0588-4B53-837A-BF4DB85F2E61}.Debug|x86.ActiveCfg = Debug|Win32
		{65B956AD-0588-4B53-837A-BF4DB85F2E61}.Debug|x86.Build.0 = Debug|Win32
		{65B956AD-0588-4B53-837A-BF4DB85F2E61}.Release|x64.ActiveCfg = Release|x64
		{65B956AD-0588-4B53-837A-BF4DB85F2E61}.Release|x64.Build.0 = Release|x64
		{65B956AD-0588-4B53-837A-BF4DB85F2E61}.Release|x86.ActiveCfg = Release|Win32
		{65B956AD-0588-4B53-837A-BF4DB85F2E61}.Release|x86.Build.0 = Release|Win32
		{98CEB288-7710-4D3F-8E83-2A4AB5694AF6}.Debug|x64.ActiveCfg = Debug|x64
		{98CEB288-7710-4D3F-8E83-2A4AB5694AF6}.Debug|x64.Build.0 = Debug|x64
		{98CEB288-7710-4D3F-8E83-2A4AB5694AF6}.Debug|x86.ActiveCfg = Debug|Win32
		{98CEB288-7710-4D3F-8E83-2A4AB5694AF6}.Debug|x86.Build.0 = Debug|Win32
		{98CEB288-7710-4D3F-8E83-2A4AB5694AF6}.Release|x64.ActiveCfg = Release|x64
		{98CEB288-7710-4D3F-8E83-2A4AB5694AF6}.Release|x64.Build.0 = Release|x64
		{98CEB288-7710-4D3F-8E83-2A4AB5694AF6}.Release|x86.ActiveCfg = Release|Win32
		{98CEB288-7710-4D3F-8E83-2A4AB5694AF6}.Release|x86.Build.0 = Release|Win32
		{863CEE10-1256-4EDD-8211-72317CDC7CDA}.Debug|x64.ActiveCfg = Debug|x64
		{863CEE10-1256-4EDD-8211-72317CDC7CDA}.Debug|x64.Build.0 = Debug|x64
		{863CEE10-1256-4EDD-8211-72317CDC7CDA}.Debug|x86.ActiveCfg = Debug|Win32
		{863CEE10-1256-4EDD-8211-72317CDC7CDA}.Debug|x86.Build.0 = Debug|Win32
		{863CEE10-1256-4EDD-8211-72317CDC7CDA}.Release|x64.ActiveCfg = Release|x64
		{863CEE10-1256-4EDD-8211-72317CDC7CDA}.Release|x64.Build.0 = Release|x64
		{863CEE10-1256-4EDD-8211-72317CDC7CDA}.Release|x86.ActiveCfg = Release|Win32
		{863CEE10-1256-4EDD-8211-72317CDC7CDA}.Release|x86.Build.0 = Release|Win32
		{BC7C08A7-29F9-418A-AE41-E4CB75B08A42}.Debug|x64.ActiveCfg = Debug|x64
		{BC7C08A7-29F9-418A-AE41-E4CB75B08A42}.Debug|x64.Build.0 = Debug|x64
		{BC7C08A7-29F9-418A-AE41-E4CB75B08A42}.Debug|x86.ActiveCfg = Debug|Win32
		{BC7C08A7-29F9-418A-AE41-E4CB75B08A42}.Debug|x86.Build.0 = Debug|Win32
		{BC7C08A7-29F9-418A-AE41-E4CB75B08A42}.Release|x64.ActiveCfg = Release|x64
		{BC7C08A7-29F9-418A-AE41-E4CB75B08A42}.Release|x64.Build.0 = Release|x64
		{BC7C08A7-29F9-418A-AE41-E4CB75B08A42}.Release|x86.ActiveCfg = Release|Win32
		{BC7C08A7-29F9-418A-AE41-E4CB75B08A42}.Release|x86.Build.0 = Release|Win32
		{324EDDD7-BC4E-4E25-9375-037911E006E4}.Debug|x64.ActiveCfg = Debug|x64
		{324EDDD7-BC4E-4E25-9375-037911E006E4}.Debug|x64.Build.0 = Debug|x64
		{324EDDD7-BC4E-4E25-9375-037911E006E4}.Debug|x86.ActiveCfg = Debug|Win32
		{324EDDD7-BC4E-4E25-9375-037911E006E4}.Debug|x86.Build.0 = Debug|Win32
		{324EDDD7-BC4E-4E25-9375-037911E006E4}.Release|x64.ActiveCfg = Release|x64
		{324EDDD7-BC4E-4E25-9375-037911E006E4}.Release|x64.Build.0 = Release|x64
		{324EDDD7-BC4E-4E25-9375-037911E006E4}.Release|x86.ActiveCfg = Release|Win32
		{324EDDD7-BC4E-4E25-9375-037911E006E4}.Release|x86.Build.0 = Release|Win32
		{0DD47954-4303-4705-9B37-94B1211C8D85}.Debug|x64.ActiveCfg = Debug|x64
		{0DD47954-4303-4705-9B37-94B1211C8D85}.Debug|x64.Build.0 = Debug|x64
		{0DD47954-4303-4705-9B37-94B1211C8D85}.Debug|x86.ActiveCfg = Debug|Win32
		{0DD47954-4303-4705-9B37-94B1211C8D85}.Debug|x86.Build.0 = Debug|Win32
		{0DD47954-4303-4705-9B37-94B1211C8D85}.Release|x64.ActiveCfg = Release|x64
		{0DD47954-4303-4705-9B37-94B1211C8D85}.Release|x64.Build.0 = Release|x64
		{0DD47954-4303-4705-9B37-94B1211C8D85}.Release|x86.ActiveCfg = Release|Win32
		{0DD47954-4303-4705-9B37-94B1211C8D85}.Release|x86.Build.0 = Release|Win32
		{67006966-8545-4FA6-BECB-197CECA222AF}.Debug|x64.ActiveCfg = Debug|x64
		{67006966-8545-4FA6-BECB-197CECA222AF}.Debug|x64.Build.0 = Debug|x64
		{67006966-8545-4FA6-BECB-197CECA222AF}.Debug|x86.ActiveCfg = Debug|Win32
		{67006966-8545-4FA6-BECB-197CECA222AF}.Debug|x86.Build.0 = Debug|Win32
		{67006966-8545-4FA6-BECB-197CECA222AF}.Release|x64.ActiveCfg = Release|x64
		{67006966-8545-4FA6-BECB-197CECA222AF}.Release|x64.Build.0 = Release|x64
		{67006966-8545-4FA6-BECB-197CECA222AF}.Release|x86.ActiveCfg = Release|Win32
		{67006966-8545-4FA6-BECB-197CECA222AF}.Release|x86.Build.0 = Release|Win32
		{6A7D031B-F8D6-4F3C-A614-8360B30CF757}.Debug|x64.ActiveCfg = Debug|x64
		{6A7D031B-F8D6-4F3C-A614-8360B30CF757}.Debug|x64.Build.0 = Debug|x64
		{6A7D031B-F8D6-4F3C-A614-8360B30CF757}.Debug|x86.ActiveCfg = Debug|Win32
		{6A7D031B-F8D6-4F3C-A614-8360B30CF757}.Debug|x86.Build.0 = Debug|Win32
		{6A7D031B-F8D6-4F3C-A614-8360B30CF757}.Release|x64.ActiveCfg = Release|x64
		{6A7D031B-F8D6-4F3C-A614-8360B30CF757}.Release|x64.Build.0 = Release|x64
		{6A7D031B-F8D6-4F3C-A614-8360B30CF757}.Release|x86.ActiveCfg = Release|Win32
		{6A7D031B-F8D6-4F3C-A614-8360B30CF757}.Release|x86.Build.0 = Release|Win32
	EndGlobalSection
	GlobalSection(SolutionProperties) = preSolution
		HideSolutionNode = FALSE
	EndGlobalSection
	GlobalSection(NestedProjects) = preSolution
		{7D35154A-9B4E-4C71-8FE8-37A7D467A355} = {469FAE0C-BB90-4A8E-AA3F-9F519A4477AC}
		{E31031D8-7993-4D8C-9C3C-5C889AF54E73} = {2D40FCAC-1BFD-4098-B474-66198B4F1346}
		{65B956AD-0588-4B53-837A-BF4DB85F2E61} = {469FAE0C-BB90-4A8E-AA3F-9F519A4477AC}
		{98CEB288-7710-4D3F-8E83-2A4AB5694AF6} = {469FAE0C-BB90-4A8E-AA3F-9F519A4477AC}
		{863CEE10-1256-4EDD-8211-72317CDC7CDA} = {469FAE0C-BB90-4A8E-AA3F-9F519A4477AC}
		{BC7C08A7-29F9-418A-AE41-E4CB75B08A42} = {469FAE0C-BB90-4A8E-AA3F-9F519A4477AC}
		{324EDDD7-BC4E-4E25-9375-037911E006E4} = {2D40FCAC-1BFD-4098-B474-66198B4F1346}
		{0DD47954-4303-4705-9B37-94B1211C8D85} = {469FAE0C-BB90-4A8E-AA3F-9F519A4477AC}
		{67006966-8545-4FA6-BECB-197CECA222AF} = {469FAE0C-BB90-4A8E-AA3F-9F519A4477AC}
		{6A7D031B-F8D6-4F3C-A614-8360B30CF757} = {469FAE0C-BB90-4A8E-AA3F-9F519A4477AC}
	EndGlobalSection
	GlobalSection(ExtensibilityGlobals) = postSolution
		SolutionGuid = {1E6C95D1-1284-4617-A2D3-F27F53C4F851}
	EndGlobalSection
EndGlobal
