<?xml version="1.0" encoding="utf-8"?>
<Project ToolsVersion="4.0" xmlns="http://schemas.microsoft.com/developer/msbuild/2003">
  <ItemGroup>
    <Filter Include="Source Files">
      <UniqueIdentifier>{4FC737F1-C7A5-4376-A066-2A32D752A2FF}</UniqueIdentifier>
      <Extensions>cpp;c;cc;cxx;def;odl;idl;hpj;bat;asm;asmx</Extensions>
    </Filter>
    <Filter Include="Header Files">
      <UniqueIdentifier>{93995380-89BD-4b04-88EB-625FBE52EBFB}</UniqueIdentifier>
      <Extensions>h;hh;hpp;hxx;hm;inl;inc;ipp;xsd</Extensions>
    </Filter>
    <Filter Include="Resource Files">
      <UniqueIdentifier>{67DA6AB6-F800-4c08-8B7A-83BB121AAD01}</UniqueIdentifier>
      <Extensions>rc;ico;cur;bmp;dlg;rc2;rct;bin;rgs;gif;jpg;jpeg;jpe;resx;tiff;tif;png;wav;mfcribbon-ms</Extensions>
    </Filter>
  </ItemGroup>
  <ItemGroup>
    <ClCompile Include="Main.cpp">
      <Filter>Source Files</Filter>
    </ClCompile>
    <ClCompile Include="Tests\Forest\ForestTest.cpp">
      <Filter>Source Files</Filter>
    </ClCompile>
    <ClCompile Include="Tests\Forest\ControllerForForestTest.cpp">
      <Filter>Source Files</Filter>
    </ClCompile>
    <ClCompile Include="Tests\Forest\EngineForForestTest.cpp">
      <Filter>Source Files</Filter>
    </ClCompile>
    <ClCompile Include="Tests\Forest\WorldForForestTest.cpp">
      <Filter>Source Files</Filter>
    </ClCompile>
    <ClCompile Include="Tests\Forest\Actors\Tree.cpp">
      <Filter>Source Files</Filter>
    </ClCompile>
    <ClCompile Include="Tests\Forest\Actors\ForestMainCharacter.cpp">
      <Filter>Source Files</Filter>
    </ClCompile>
    <ClCompile Include="Tests\GUISettup\MultipleWidgetsTest.cpp">
      <Filter>Source Files</Filter>
    </ClCompile>
    <ClCompile Include="Tests\MainMenu\MainMenuTest.cpp">
      <Filter>Source Files</Filter>
    </ClCompile>
    <ClCompile Include="Tests\MainMenu\MainMenuEngine.cpp">
      <Filter>Source Files</Filter>
    </ClCompile>
    <ClCompile Include="Tests\MainMenu\MainMenuWorld.cpp">
      <Filter>Source Files</Filter>
    </ClCompile>
    <ClCompile Include="Tests\GUISettup\LoginExample.cpp">
      <Filter>Source Files</Filter>
    </ClCompile>
    <ClCompile Include="Tests\Forest\Actors\Fireball.cpp">
      <Filter>Source Files</Filter>
    </ClCompile>
    <ClCompile Include="Tests\ActorAnimation\ActorAnimationTest.cpp">
      <Filter>Source Files</Filter>
    </ClCompile>
    <ClCompile Include="Tests\ActorAnimation\ControllerForAnimationTest.cpp">
      <Filter>Source Files</Filter>
    </ClCompile>
    <ClCompile Include="Tests\ActorAnimation\EngineForAnimationTest.cpp">
      <Filter>Source Files</Filter>
    </ClCompile>
    <ClCompile Include="Tests\ActorAnimation\WorldForAnimationTest.cpp">
      <Filter>Source Files</Filter>
    </ClCompile>
    <ClCompile Include="Tests\EngineSettup\BaseEngine.cpp">
      <Filter>Source Files</Filter>
    </ClCompile>
    <ClCompile Include="Tests\EngineSettup\EngineSetupTest.cpp">
      <Filter>Source Files</Filter>
    </ClCompile>
  </ItemGroup>
  <ItemGroup>
    <ClInclude Include="BaseTest.h">
      <Filter>Header Files</Filter>
    </ClInclude>
    <ClInclude Include="Tests\Forest\WorldForForestTest.h">
      <Filter>Header Files</Filter>
    </ClInclude>
    <ClInclude Include="Tests\Forest\ForestTest.h">
      <Filter>Header Files</Filter>
    </ClInclude>
    <ClInclude Include="Tests\Forest\ControllerForForestTest.h">
      <Filter>Header Files</Filter>
    </ClInclude>
    <ClInclude Include="Tests\Forest\EngineForForestTest.h">
      <Filter>Header Files</Filter>
    </ClInclude>
    <ClInclude Include="Tests\Forest\Actors\Tree.h">
      <Filter>Header Files</Filter>
    </ClInclude>
    <ClInclude Include="Tests\Forest\Actors\ForestMainCharacter.h">
      <Filter>Header Files</Filter>
    </ClInclude>
    <ClInclude Include="Tests\GUISettup\MultipleWidgetsTest.h">
      <Filter>Header Files</Filter>
    </ClInclude>
    <ClInclude Include="Tests\MainMenu\MainMenuTest.h">
      <Filter>Header Files</Filter>
    </ClInclude>
    <ClInclude Include="Tests\MainMenu\MainMenuEngine.h">
      <Filter>Header Files</Filter>
    </ClInclude>
    <ClInclude Include="Tests\MainMenu\MainMenuWorld.h">
      <Filter>Header Files</Filter>
    </ClInclude>
    <ClInclude Include="Tests\GUISettup\LoginExample.h">
      <Filter>Header Files</Filter>
    </ClInclude>
    <ClInclude Include="Tests\Forest\Actors\Fireball.h">
      <Filter>Header Files</Filter>
    </ClInclude>
    <ClInclude Include="Tests\ActorAnimation\ActorAnimationTest.h">
      <Filter>Header Files</Filter>
    </ClInclude>
    <ClInclude Include="Tests\ActorAnimation\ControllerForAnimationTest.h">
      <Filter>Header Files</Filter>
    </ClInclude>
    <ClInclude Include="Tests\ActorAnimation\EngineForAnimationTest.h">
      <Filter>Header Files</Filter>
    </ClInclude>
    <ClInclude Include="Tests\ActorAnimation\WorldForAnimationTest.h">
      <Filter>Header Files</Filter>
    </ClInclude>
    <ClInclude Include="Tests\EngineSettup\BaseEngine.h">
      <Filter>Header Files</Filter>
    </ClInclude>
    <ClInclude Include="Tests\EngineSettup\EngineSetupTest.h">
      <Filter>Header Files</Filter>
    </ClInclude>
  </ItemGroup>
</Project>