<?xml version="1.0" encoding="utf-8"?>
<Project ToolsVersion="4.0" xmlns="http://schemas.microsoft.com/developer/msbuild/2003">
  <ItemGroup>
    <Filter Include="Source Files">
      <UniqueIdentifier>{4FC737F1-C7A5-4376-A066-2A32D752A2FF}</UniqueIdentifier>
      <Extensions>cpp;c;cc;cxx;def;odl;idl;hpj;bat;asm;asmx</Extensions>
    </Filter>
    <Filter Include="Header Files">
      <UniqueIdentifier>{93995380-89BD-4b04-88EB-625FBE52EBFB}</UniqueIdentifier>
      <Extensions>h;hh;hpp;hxx;hm;inl;inc;ipp;xsd</Extensions>
    </Filter>
    <Filter Include="Resource Files">
      <UniqueIdentifier>{67DA6AB6-F800-4c08-8B7A-83BB121AAD01}</UniqueIdentifier>
      <Extensions>rc;ico;cur;bmp;dlg;rc2;rct;bin;rgs;gif;jpg;jpeg;jpe;resx;tiff;tif;png;wav;mfcribbon-ms</Extensions>
    </Filter>
  </ItemGroup>
  <ItemGroup>
    <ClInclude Include="Core\Engine\Engine.h" />
    <ClInclude Include="Utility\CommonHeaders.h">
      <Filter>Header Files</Filter>
    </ClInclude>
    <ClInclude Include="Utility\ThreadingResource.h">
      <Filter>Header Files</Filter>
    </ClInclude>
    <ClInclude Include="Core\World\WorldBase.h">
      <Filter>Header Files</Filter>
    </ClInclude>
    <ClInclude Include="Objects\Object.h">
      <Filter>Header Files</Filter>
    </ClInclude>
    <ClInclude Include="Settings\WindowSettings.h">
      <Filter>Header Files</Filter>
    </ClInclude>
    <ClInclude Include="Objects\Actor.h">
      <Filter>Header Files</Filter>
    </ClInclude>
    <ClInclude Include="Core\ActorsManager\ActorsManager.h">
      <Filter>Header Files</Filter>
    </ClInclude>
    <ClInclude Include="Settings\WorldSettings.h">
      <Filter>Header Files</Filter>
    </ClInclude>
    <ClInclude Include="Settings\EngineSettings.h">
      <Filter>Header Files</Filter>
    </ClInclude>
    <ClInclude Include="Settings\MusicSettings.h">
      <Filter>Header Files</Filter>
    </ClInclude>
    <ClInclude Include="Utility\json.hpp">
      <Filter>Header Files</Filter>
    </ClInclude>
    <ClInclude Include="Settings\SettingsBase.h">
      <Filter>Header Files</Filter>
    </ClInclude>
    <ClInclude Include="Settings\ActorSettings.h">
      <Filter>Header Files</Filter>
    </ClInclude>
    <ClInclude Include="Interfaces\ILoopingThread.h">
      <Filter>Header Files</Filter>
    </ClInclude>
    <ClInclude Include="Objects\AnimatedActor.h">
      <Filter>Header Files</Filter>
    </ClInclude>
    <ClInclude Include="Settings\TextureSettings.h">
      <Filter>Header Files</Filter>
    </ClInclude>
    <ClInclude Include="Objects\Extensions\Animation.h">
      <Filter>Header Files</Filter>
    </ClInclude>
    <ClInclude Include="Settings\AnimationSettings.h">
      <Filter>Header Files</Filter>
    </ClInclude>
    <ClInclude Include="Objects\ControlledActor.h">
      <Filter>Header Files</Filter>
    </ClInclude>
    <ClInclude Include="Controller\ControllerStructs.h">
      <Filter>Header Files</Filter>
    </ClInclude>
    <ClInclude Include="Enums\ActorEnums.h">
      <Filter>Header Files</Filter>
    </ClInclude>
    <ClInclude Include="Utility\BasicSFMLTypesToJson.h">
      <Filter>Header Files</Filter>
    </ClInclude>
    <ClInclude Include="Enums\AnimationEnums.h">
      <Filter>Header Files</Filter>
    </ClInclude>
    <ClInclude Include="Factory\SettingsFactory.h">
      <Filter>Header Files</Filter>
    </ClInclude>
    <ClInclude Include="Enums\InputEnums.h">
      <Filter>Header Files</Filter>
    </ClInclude>
    <ClInclude Include="Interfaces\ITimeObservable.h">
      <Filter>Header Files</Filter>
    </ClInclude>
    <ClInclude Include="Interfaces\ITimeObserver.h">
      <Filter>Header Files</Filter>
    </ClInclude>
    <ClInclude Include="Time\TimeManager.h">
      <Filter>Header Files</Filter>
    </ClInclude>
    <ClInclude Include="Controller\ControllerBase.h">
      <Filter>Header Files</Filter>
    </ClInclude>
    <ClInclude Include="Core\World\BaseImplementations\EmptyWorld.h">
      <Filter>Header Files</Filter>
    </ClInclude>
    <ClInclude Include="Controller\BaseImplementations\EmptyController.h">
      <Filter>Header Files</Filter>
    </ClInclude>
    <ClInclude Include="Objects\BaseImplementations\EmptyControlledActor.h">
      <Filter>Header Files</Filter>
    </ClInclude>
    <ClInclude Include="Utility\Serialization.h">
      <Filter>Header Files</Filter>
    </ClInclude>
  </ItemGroup>
  <ItemGroup>
    <ClCompile Include="Core\Engine\Engine.cpp" />
    <ClCompile Include="Time\TimeManager.cpp">
      <Filter>Source Files</Filter>
    </ClCompile>
    <ClCompile Include="Core\World\WorldBase.cpp">
      <Filter>Source Files</Filter>
    </ClCompile>
    <ClCompile Include="Objects\Actor.cpp">
      <Filter>Source Files</Filter>
    </ClCompile>
    <ClCompile Include="Core\ActorsManager\ActorsManager.cpp">
      <Filter>Source Files</Filter>
    </ClCompile>
    <ClCompile Include="Objects\AnimatedActor.cpp">
      <Filter>Source Files</Filter>
    </ClCompile>
    <ClCompile Include="Objects\Object.cpp">
      <Filter>Source Files</Filter>
    </ClCompile>
    <ClCompile Include="Objects\Extensions\Animation.cpp">
      <Filter>Source Files</Filter>
    </ClCompile>
    <ClCompile Include="Objects\ControlledActor.cpp">
      <Filter>Source Files</Filter>
    </ClCompile>
    <ClCompile Include="Controller\ControllerBase.cpp">
      <Filter>Source Files</Filter>
    </ClCompile>
    <ClCompile Include="Core\World\BaseImplementations\EmptyWorld.cpp">
      <Filter>Source Files</Filter>
    </ClCompile>
    <ClCompile Include="Controller\BaseImplementations\EmptyController.cpp">
      <Filter>Source Files</Filter>
    </ClCompile>
    <ClCompile Include="Objects\BaseImplementations\EmptyControlledActor.cpp">
      <Filter>Source Files</Filter>
    </ClCompile>
    <ClCompile Include="Settings\ActorSettings.cpp">
      <Filter>Source Files</Filter>
    </ClCompile>
    <ClCompile Include="Settings\AnimationSettings.cpp">
      <Filter>Source Files</Filter>
    </ClCompile>
    <ClCompile Include="Settings\EngineSettings.cpp">
      <Filter>Source Files</Filter>
    </ClCompile>
    <ClCompile Include="Settings\MusicSettings.cpp">
      <Filter>Source Files</Filter>
    </ClCompile>
    <ClCompile Include="Settings\TextureSettings.cpp">
      <Filter>Source Files</Filter>
    </ClCompile>
    <ClCompile Include="Settings\WindowSettings.cpp">
      <Filter>Source Files</Filter>
    </ClCompile>
    <ClCompile Include="Settings\WorldSettings.cpp">
      <Filter>Source Files</Filter>
    </ClCompile>
  </ItemGroup>
</Project>